
Microsoft Visual Studio Solution File, Format Version 12.00
# Visual Studio Version 17
VisualStudioVersion = 17.3.32901.215
MinimumVisualStudioVersion = 10.0.40219.1
Project("{FAE04EC0-301F-11D3-BF4B-00C04F79EFBC}") = "Shooter Game", "Shooter Game.csproj", "{56445A84-F8E5-483F-81E4-BA399E69D38D}"
EndProject
Global
	GlobalSection(SolutionConfigurationPlatforms) = preSolution
		Debug|Any CPU = Debug|Any CPU
		Release|Any CPU = Release|Any CPU
	EndGlobalSection
	GlobalSection(ProjectConfigurationPlatforms) = postSolution
		{56445A84-F8E5-483F-81E4-BA399E69D38D}.Debug|Any CPU.ActiveCfg = Debug|Any CPU
		{56445A84-F8E5-483F-81E4-BA399E69D38D}.Debug|Any CPU.Build.0 = Debug|Any CPU
		{56445A84-F8E5-483F-81E4-BA399E69D38D}.Release|Any CPU.ActiveCfg = Release|Any CPU
		{56445A84-F8E5-483F-81E4-BA399E69D38D}.Release|Any CPU.Build.0 = Release|Any CPU
	EndGlobalSection
	GlobalSection(SolutionProperties) = preSolution
		HideSolutionNode = FALSE
	EndGlobalSection
	GlobalSection(ExtensibilityGlobals) = postSolution
		SolutionGuid = {88D56E0A-FEB5-48DE-8069-F14F99FF58E1}
	EndGlobalSection
EndGlobal
